// !$*UTF8*$!
{
	archiveVersion = 1;
	classes = {
	};
	objectVersion = 56;
	objects = {

/* Begin PBXBuildFile section */
		D2D86FDD28FF935100C2D67B /* FaceApp.swift in Sources */ = {isa = PBXBuildFile; fileRef = D2D86FDC28FF935100C2D67B /* FaceApp.swift */; };
		D2D86FDF28FF935100C2D67B /* ContentView.swift in Sources */ = {isa = PBXBuildFile; fileRef = D2D86FDE28FF935100C2D67B /* ContentView.swift */; };
		D2D86FE128FF935200C2D67B /* Assets.xcassets in Resources */ = {isa = PBXBuildFile; fileRef = D2D86FE028FF935200C2D67B /* Assets.xcassets */; };
		D2D86FE428FF935200C2D67B /* Preview Assets.xcassets in Resources */ = {isa = PBXBuildFile; fileRef = D2D86FE328FF935200C2D67B /* Preview Assets.xcassets */; };
		D2D8700728FF94DF00C2D67B /* BaseCameraView.swift in Sources */ = {isa = PBXBuildFile; fileRef = D2D8700628FF94DF00C2D67B /* BaseCameraView.swift */; };
		D2D8700928FF95CF00C2D67B /* CameraView.swift in Sources */ = {isa = PBXBuildFile; fileRef = D2D8700828FF95CF00C2D67B /* CameraView.swift */; };
		D2D8700B28FF9ACE00C2D67B /* FaceInfo.swift in Sources */ = {isa = PBXBuildFile; fileRef = D2D8700A28FF9ACE00C2D67B /* FaceInfo.swift */; };
/* End PBXBuildFile section */

/* Begin PBXContainerItemProxy section */
		D2D86FEA28FF935200C2D67B /* PBXContainerItemProxy */ = {
			isa = PBXContainerItemProxy;
			containerPortal = D2D86FD128FF935100C2D67B /* Project object */;
			proxyType = 1;
			remoteGlobalIDString = D2D86FD828FF935100C2D67B;
			remoteInfo = FaceApp;
		};
		D2D86FF428FF935200C2D67B /* PBXContainerItemProxy */ = {
			isa = PBXContainerItemProxy;
			containerPortal = D2D86FD128FF935100C2D67B /* Project object */;
			proxyType = 1;
			remoteGlobalIDString = D2D86FD828FF935100C2D67B;
			remoteInfo = FaceApp;
		};
/* End PBXContainerItemProxy section */

/* Begin PBXFileReference section */
		D2D86FD928FF935100C2D67B /* FaceApp.app */ = {isa = PBXFileReference; explicitFileType = wrapper.application; includeInIndex = 0; path = FaceApp.app; sourceTree = BUILT_PRODUCTS_DIR; };
		D2D86FDC28FF935100C2D67B /* FaceApp.swift */ = {isa = PBXFileReference; lastKnownFileType = sourcecode.swift; path = FaceApp.swift; sourceTree = "<group>"; };
		D2D86FDE28FF935100C2D67B /* ContentView.swift */ = {isa = PBXFileReference; lastKnownFileType = sourcecode.swift; path = ContentView.swift; sourceTree = "<group>"; };
		D2D86FE028FF935200C2D67B /* Assets.xcassets */ = {isa = PBXFileReference; lastKnownFileType = folder.assetcatalog; path = Assets.xcassets; sourceTree = "<group>"; };
		D2D86FE328FF935200C2D67B /* Preview Assets.xcassets */ = {isa = PBXFileReference; lastKnownFileType = folder.assetcatalog; path = "Preview Assets.xcassets"; sourceTree = "<group>"; };
		D2D86FE928FF935200C2D67B /* FaceAppTests.xctest */ = {isa = PBXFileReference; explicitFileType = wrapper.cfbundle; includeInIndex = 0; path = FaceAppTests.xctest; sourceTree = BUILT_PRODUCTS_DIR; };
		D2D86FF328FF935200C2D67B /* FaceAppUITests.xctest */ = {isa = PBXFileReference; explicitFileType = wrapper.cfbundle; includeInIndex = 0; path = FaceAppUITests.xctest; sourceTree = BUILT_PRODUCTS_DIR; };
		D2D8700628FF94DF00C2D67B /* BaseCameraView.swift */ = {isa = PBXFileReference; lastKnownFileType = sourcecode.swift; path = BaseCameraView.swift; sourceTree = "<group>"; };
		D2D8700828FF95CF00C2D67B /* CameraView.swift */ = {isa = PBXFileReference; lastKnownFileType = sourcecode.swift; path = CameraView.swift; sourceTree = "<group>"; };
		D2D8700A28FF9ACE00C2D67B /* FaceInfo.swift */ = {isa = PBXFileReference; lastKnownFileType = sourcecode.swift; path = FaceInfo.swift; sourceTree = "<group>"; };
/* End PBXFileReference section */

/* Begin PBXFrameworksBuildPhase section */
		D2D86FD628FF935100C2D67B /* Frameworks */ = {
			isa = PBXFrameworksBuildPhase;
			buildActionMask = 2147483647;
			files = (
			);
			runOnlyForDeploymentPostprocessing = 0;
		};
		D2D86FE628FF935200C2D67B /* Frameworks */ = {
			isa = PBXFrameworksBuildPhase;
			buildActionMask = 2147483647;
			files = (
			);
			runOnlyForDeploymentPostprocessing = 0;
		};
		D2D86FF028FF935200C2D67B /* Frameworks */ = {
			isa = PBXFrameworksBuildPhase;
			buildActionMask = 2147483647;
			files = (
			);
			runOnlyForDeploymentPostprocessing = 0;
		};
/* End PBXFrameworksBuildPhase section */

/* Begin PBXGroup section */
		D2D86FD028FF935100C2D67B = {
			isa = PBXGroup;
			children = (
				D2D86FDB28FF935100C2D67B /* FaceApp */,
				D2D86FDA28FF935100C2D67B /* Products */,
			);
			sourceTree = "<group>";
		};
		D2D86FDA28FF935100C2D67B /* Products */ = {
			isa = PBXGroup;
			children = (
				D2D86FD928FF935100C2D67B /* FaceApp.app */,
				D2D86FE928FF935200C2D67B /* FaceAppTests.xctest */,
				D2D86FF328FF935200C2D67B /* FaceAppUITests.xctest */,
			);
			name = Products;
			sourceTree = "<group>";
		};
		D2D86FDB28FF935100C2D67B /* FaceApp */ = {
			isa = PBXGroup;
			children = (
				D2D86FDC28FF935100C2D67B /* FaceApp.swift */,
				D2D8700A28FF9ACE00C2D67B /* FaceInfo.swift */,
				D2D8700628FF94DF00C2D67B /* BaseCameraView.swift */,
				D2D8700828FF95CF00C2D67B /* CameraView.swift */,
				D2D86FDE28FF935100C2D67B /* ContentView.swift */,
				D2D86FE028FF935200C2D67B /* Assets.xcassets */,
				D2D86FE228FF935200C2D67B /* Preview Content */,
			);
			path = FaceApp;
			sourceTree = "<group>";
		};
		D2D86FE228FF935200C2D67B /* Preview Content */ = {
			isa = PBXGroup;
			children = (
				D2D86FE328FF935200C2D67B /* Preview Assets.xcassets */,
			);
			path = "Preview Content";
			sourceTree = "<group>";
		};
/* End PBXGroup section */

/* Begin PBXNativeTarget section */
		D2D86FD828FF935100C2D67B /* FaceApp */ = {
			isa = PBXNativeTarget;
			buildConfigurationList = D2D86FFD28FF935200C2D67B /* Build configuration list for PBXNativeTarget "FaceApp" */;
			buildPhases = (
				D2D86FD528FF935100C2D67B /* Sources */,
				D2D86FD628FF935100C2D67B /* Frameworks */,
				D2D86FD728FF935100C2D67B /* Resources */,
			);
			buildRules = (
			);
			dependencies = (
			);
			name = FaceApp;
			productName = FaceApp;
			productReference = D2D86FD928FF935100C2D67B /* FaceApp.app */;
			productType = "com.apple.product-type.application";
		};
		D2D86FE828FF935200C2D67B /* FaceAppTests */ = {
			isa = PBXNativeTarget;
			buildConfigurationList = D2D8700028FF935200C2D67B /* Build configuration list for PBXNativeTarget "FaceAppTests" */;
			buildPhases = (
				D2D86FE528FF935200C2D67B /* Sources */,
				D2D86FE628FF935200C2D67B /* Frameworks */,
				D2D86FE728FF935200C2D67B /* Resources */,
			);
			buildRules = (
			);
			dependencies = (
				D2D86FEB28FF935200C2D67B /* PBXTargetDependency */,
			);
			name = FaceAppTests;
			productName = FaceAppTests;
			productReference = D2D86FE928FF935200C2D67B /* FaceAppTests.xctest */;
			productType = "com.apple.product-type.bundle.unit-test";
		};
		D2D86FF228FF935200C2D67B /* FaceAppUITests */ = {
			isa = PBXNativeTarget;
			buildConfigurationList = D2D8700328FF935200C2D67B /* Build configuration list for PBXNativeTarget "FaceAppUITests" */;
			buildPhases = (
				D2D86FEF28FF935200C2D67B /* Sources */,
				D2D86FF028FF935200C2D67B /* Frameworks */,
				D2D86FF128FF935200C2D67B /* Resources */,
			);
			buildRules = (
			);
			dependencies = (
				D2D86FF528FF935200C2D67B /* PBXTargetDependency */,
			);
			name = FaceAppUITests;
			productName = FaceAppUITests;
			productReference = D2D86FF328FF935200C2D67B /* FaceAppUITests.xctest */;
			productType = "com.apple.product-type.bundle.ui-testing";
		};
/* End PBXNativeTarget section */

/* Begin PBXProject section */
		D2D86FD128FF935100C2D67B /* Project object */ = {
			isa = PBXProject;
			attributes = {
				BuildIndependentTargetsInParallel = 1;
				LastSwiftUpdateCheck = 1400;
				LastUpgradeCheck = 1400;
				TargetAttributes = {
					D2D86FD828FF935100C2D67B = {
						CreatedOnToolsVersion = 14.0.1;
					};
					D2D86FE828FF935200C2D67B = {
						CreatedOnToolsVersion = 14.0.1;
						TestTargetID = D2D86FD828FF935100C2D67B;
					};
					D2D86FF228FF935200C2D67B = {
						CreatedOnToolsVersion = 14.0.1;
						TestTargetID = D2D86FD828FF935100C2D67B;
					};
				};
			};
			buildConfigurationList = D2D86FD428FF935100C2D67B /* Build configuration list for PBXProject "FaceApp" */;
			compatibilityVersion = "Xcode 14.0";
			developmentRegion = en;
			hasScannedForEncodings = 0;
			knownRegions = (
				en,
				Base,
			);
			mainGroup = D2D86FD028FF935100C2D67B;
			productRefGroup = D2D86FDA28FF935100C2D67B /* Products */;
			projectDirPath = "";
			projectRoot = "";
			targets = (
				D2D86FD828FF935100C2D67B /* FaceApp */,
				D2D86FE828FF935200C2D67B /* FaceAppTests */,
				D2D86FF228FF935200C2D67B /* FaceAppUITests */,
			);
		};
/* End PBXProject section */

/* Begin PBXResourcesBuildPhase section */
		D2D86FD728FF935100C2D67B /* Resources */ = {
			isa = PBXResourcesBuildPhase;
			buildActionMask = 2147483647;
			files = (
				D2D86FE428FF935200C2D67B /* Preview Assets.xcassets in Resources */,
				D2D86FE128FF935200C2D67B /* Assets.xcassets in Resources */,
			);
			runOnlyForDeploymentPostprocessing = 0;
		};
		D2D86FE728FF935200C2D67B /* Resources */ = {
			isa = PBXResourcesBuildPhase;
			buildActionMask = 2147483647;
			files = (
			);
			runOnlyForDeploymentPostprocessing = 0;
		};
		D2D86FF128FF935200C2D67B /* Resources */ = {
			isa = PBXResourcesBuildPhase;
			buildActionMask = 2147483647;
			files = (
			);
			runOnlyForDeploymentPostprocessing = 0;
		};
/* End PBXResourcesBuildPhase section */

/* Begin PBXSourcesBuildPhase section */
		D2D86FD528FF935100C2D67B /* Sources */ = {
			isa = PBXSourcesBuildPhase;
			buildActionMask = 2147483647;
			files = (
				D2D8700728FF94DF00C2D67B /* BaseCameraView.swift in Sources */,
				D2D8700B28FF9ACE00C2D67B /* FaceInfo.swift in Sources */,
				D2D86FDF28FF935100C2D67B /* ContentView.swift in Sources */,
				D2D86FDD28FF935100C2D67B /* FaceApp.swift in Sources */,
				D2D8700928FF95CF00C2D67B /* CameraView.swift in Sources */,
			);
			runOnlyForDeploymentPostprocessing = 0;
		};
		D2D86FE528FF935200C2D67B /* Sources */ = {
			isa = PBXSourcesBuildPhase;
			buildActionMask = 2147483647;
			files = (
			);
			runOnlyForDeploymentPostprocessing = 0;
		};
		D2D86FEF28FF935200C2D67B /* Sources */ = {
			isa = PBXSourcesBuildPhase;
			buildActionMask = 2147483647;
			files = (
			);
			runOnlyForDeploymentPostprocessing = 0;
		};
/* End PBXSourcesBuildPhase section */

/* Begin PBXTargetDependency section */
		D2D86FEB28FF935200C2D67B /* PBXTargetDependency */ = {
			isa = PBXTargetDependency;
			target = D2D86FD828FF935100C2D67B /* FaceApp */;
			targetProxy = D2D86FEA28FF935200C2D67B /* PBXContainerItemProxy */;
		};
		D2D86FF528FF935200C2D67B /* PBXTargetDependency */ = {
			isa = PBXTargetDependency;
			target = D2D86FD828FF935100C2D67B /* FaceApp */;
			targetProxy = D2D86FF428FF935200C2D67B /* PBXContainerItemProxy */;
		};
/* End PBXTargetDependency section */

/* Begin XCBuildConfiguration section */
		D2D86FFB28FF935200C2D67B /* Debug */ = {
			isa = XCBuildConfiguration;
			buildSettings = {
				ALWAYS_SEARCH_USER_PATHS = NO;
				CLANG_ANALYZER_NONNULL = YES;
				CLANG_ANALYZER_NUMBER_OBJECT_CONVERSION = YES_AGGRESSIVE;
				CLANG_CXX_LANGUAGE_STANDARD = "gnu++20";
				CLANG_ENABLE_MODULES = YES;
				CLANG_ENABLE_OBJC_ARC = YES;
				CLANG_ENABLE_OBJC_WEAK = YES;
				CLANG_WARN_BLOCK_CAPTURE_AUTORELEASING = YES;
				CLANG_WARN_BOOL_CONVERSION = YES;
				CLANG_WARN_COMMA = YES;
				CLANG_WARN_CONSTANT_CONVERSION = YES;
				CLANG_WARN_DEPRECATED_OBJC_IMPLEMENTATIONS = YES;
				CLANG_WARN_DIRECT_OBJC_ISA_USAGE = YES_ERROR;
				CLANG_WARN_DOCUMENTATION_COMMENTS = YES;
				CLANG_WARN_EMPTY_BODY = YES;
				CLANG_WARN_ENUM_CONVERSION = YES;
				CLANG_WARN_INFINITE_RECURSION = YES;
				CLANG_WARN_INT_CONVERSION = YES;
				CLANG_WARN_NON_LITERAL_NULL_CONVERSION = YES;
				CLANG_WARN_OBJC_IMPLICIT_RETAIN_SELF = YES;
				CLANG_WARN_OBJC_LITERAL_CONVERSION = YES;
				CLANG_WARN_OBJC_ROOT_CLASS = YES_ERROR;
				CLANG_WARN_QUOTED_INCLUDE_IN_FRAMEWORK_HEADER = YES;
				CLANG_WARN_RANGE_LOOP_ANALYSIS = YES;
				CLANG_WARN_STRICT_PROTOTYPES = YES;
				CLANG_WARN_SUSPICIOUS_MOVE = YES;
				CLANG_WARN_UNGUARDED_AVAILABILITY = YES_AGGRESSIVE;
				CLANG_WARN_UNREACHABLE_CODE = YES;
				CLANG_WARN__DUPLICATE_METHOD_MATCH = YES;
				COPY_PHASE_STRIP = NO;
				DEBUG_INFORMATION_FORMAT = dwarf;
				ENABLE_STRICT_OBJC_MSGSEND = YES;
				ENABLE_TESTABILITY = YES;
				GCC_C_LANGUAGE_STANDARD = gnu11;
				GCC_DYNAMIC_NO_PIC = NO;
				GCC_NO_COMMON_BLOCKS = YES;
				GCC_OPTIMIZATION_LEVEL = 0;
				GCC_PREPROCESSOR_DEFINITIONS = (
					"DEBUG=1",
					"$(inherited)",
				);
				GCC_WARN_64_TO_32_BIT_CONVERSION = YES;
				GCC_WARN_ABOUT_RETURN_TYPE = YES_ERROR;
				GCC_WARN_UNDECLARED_SELECTOR = YES;
				GCC_WARN_UNINITIALIZED_AUTOS = YES_AGGRESSIVE;
				GCC_WARN_UNUSED_FUNCTION = YES;
				GCC_WARN_UNUSED_VARIABLE = YES;
				IPHONEOS_DEPLOYMENT_TARGET = 16.0;
				MTL_ENABLE_DEBUG_INFO = INCLUDE_SOURCE;
				MTL_FAST_MATH = YES;
				ONLY_ACTIVE_ARCH = YES;
				SDKROOT = iphoneos;
				SWIFT_ACTIVE_COMPILATION_CONDITIONS = DEBUG;
				SWIFT_OPTIMIZATION_LEVEL = "-Onone";
			};
			name = Debug;
		};
		D2D86FFC28FF935200C2D67B /* Release */ = {
			isa = XCBuildConfiguration;
			buildSettings = {
				ALWAYS_SEARCH_USER_PATHS = NO;
				CLANG_ANALYZER_NONNULL = YES;
				CLANG_ANALYZER_NUMBER_OBJECT_CONVERSION = YES_AGGRESSIVE;
				CLANG_CXX_LANGUAGE_STANDARD = "gnu++20";
				CLANG_ENABLE_MODULES = YES;
				CLANG_ENABLE_OBJC_ARC = YES;
				CLANG_ENABLE_OBJC_WEAK = YES;
				CLANG_WARN_BLOCK_CAPTURE_AUTORELEASING = YES;
				CLANG_WARN_BOOL_CONVERSION = YES;
				CLANG_WARN_COMMA = YES;
				CLANG_WARN_CONSTANT_CONVERSION = YES;
				CLANG_WARN_DEPRECATED_OBJC_IMPLEMENTATIONS = YES;
				CLANG_WARN_DIRECT_OBJC_ISA_USAGE = YES_ERROR;
				CLANG_WARN_DOCUMENTATION_COMMENTS = YES;
				CLANG_WARN_EMPTY_BODY = YES;
				CLANG_WARN_ENUM_CONVERSION = YES;
				CLANG_WARN_INFINITE_RECURSION = YES;
				CLANG_WARN_INT_CONVERSION = YES;
				CLANG_WARN_NON_LITERAL_NULL_CONVERSION = YES;
				CLANG_WARN_OBJC_IMPLICIT_RETAIN_SELF = YES;
				CLANG_WARN_OBJC_LITERAL_CONVERSION = YES;
				CLANG_WARN_OBJC_ROOT_CLASS = YES_ERROR;
				CLANG_WARN_QUOTED_INCLUDE_IN_FRAMEWORK_HEADER = YES;
				CLANG_WARN_RANGE_LOOP_ANALYSIS = YES;
				CLANG_WARN_STRICT_PROTOTYPES = YES;
				CLANG_WARN_SUSPICIOUS_MOVE = YES;
				CLANG_WARN_UNGUARDED_AVAILABILITY = YES_AGGRESSIVE;
				CLANG_WARN_UNREACHABLE_CODE = YES;
				CLANG_WARN__DUPLICATE_METHOD_MATCH = YES;
				COPY_PHASE_STRIP = NO;
				DEBUG_INFORMATION_FORMAT = "dwarf-with-dsym";
				ENABLE_NS_ASSERTIONS = NO;
				ENABLE_STRICT_OBJC_MSGSEND = YES;
				GCC_C_LANGUAGE_STANDARD = gnu11;
				GCC_NO_COMMON_BLOCKS = YES;
				GCC_WARN_64_TO_32_BIT_CONVERSION = YES;
				GCC_WARN_ABOUT_RETURN_TYPE = YES_ERROR;
				GCC_WARN_UNDECLARED_SELECTOR = YES;
				GCC_WARN_UNINITIALIZED_AUTOS = YES_AGGRESSIVE;
				GCC_WARN_UNUSED_FUNCTION = YES;
				GCC_WARN_UNUSED_VARIABLE = YES;
				IPHONEOS_DEPLOYMENT_TARGET = 16.0;
				MTL_ENABLE_DEBUG_INFO = NO;
				MTL_FAST_MATH = YES;
				SDKROOT = iphoneos;
				SWIFT_COMPILATION_MODE = wholemodule;
				SWIFT_OPTIMIZATION_LEVEL = "-O";
				VALIDATE_PRODUCT = YES;
			};
			name = Release;
		};
		D2D86FFE28FF935200C2D67B /* Debug */ = {
			isa = XCBuildConfiguration;
			buildSettings = {
				ASSETCATALOG_COMPILER_APPICON_NAME = AppIcon;
				ASSETCATALOG_COMPILER_GLOBAL_ACCENT_COLOR_NAME = AccentColor;
				CODE_SIGN_STYLE = Automatic;
				CURRENT_PROJECT_VERSION = 1;
				DEVELOPMENT_ASSET_PATHS = "\"FaceApp/Preview Content\"";
				DEVELOPMENT_TEAM = LDC6VVX2PY;
				ENABLE_PREVIEWS = YES;
				GENERATE_INFOPLIST_FILE = YES;
				INFOPLIST_EXPAND_BUILD_SETTINGS = YES;
				INFOPLIST_FILE = "";
				INFOPLIST_KEY_NSCameraUsageDescription = "カメラへのアクセス許可をお願いします";
				INFOPLIST_KEY_NSMicrophoneUsageDescription = "マイクへのアクセス許可をお願いします";
				INFOPLIST_KEY_UIApplicationSceneManifest_Generation = YES;
				INFOPLIST_KEY_UIApplicationSupportsIndirectInputEvents = YES;
				INFOPLIST_KEY_UILaunchScreen_Generation = YES;
				INFOPLIST_KEY_UISupportedInterfaceOrientations_iPad = "UIInterfaceOrientationPortrait UIInterfaceOrientationPortraitUpsideDown UIInterfaceOrientationLandscapeLeft UIInterfaceOrientationLandscapeRight";
				INFOPLIST_KEY_UISupportedInterfaceOrientations_iPhone = "UIInterfaceOrientationPortrait UIInterfaceOrientationLandscapeLeft UIInterfaceOrientationLandscapeRight";
				INFOPLIST_OUTPUT_FORMAT = XML;
				IPHONEOS_DEPLOYMENT_TARGET = 15.0;
				LD_RUNPATH_SEARCH_PATHS = (
					"$(inherited)",
					"@executable_path/Frameworks",
				);
				MARKETING_VERSION = 1.0;
				PRODUCT_BUNDLE_IDENTIFIER = toshihide.matsuda.FaceApp;
				PRODUCT_NAME = "$(TARGET_NAME)";
				STRINGS_FILE_INFOPLIST_RENAME = NO;
				SWIFT_EMIT_LOC_STRINGS = YES;
				SWIFT_VERSION = 5.0;
				TARGETED_DEVICE_FAMILY = "1,2";
			};
			name = Debug;
		};
		D2D86FFF28FF935200C2D67B /* Release */ = {
			isa = XCBuildConfiguration;
			buildSettings = {
				ASSETCATALOG_COMPILER_APPICON_NAME = AppIcon;
				ASSETCATALOG_COMPILER_GLOBAL_ACCENT_COLOR_NAME = AccentColor;
				CODE_SIGN_STYLE = Automatic;
				CURRENT_PROJECT_VERSION = 1;
				DEVELOPMENT_ASSET_PATHS = "\"FaceApp/Preview Content\"";
				DEVELOPMENT_TEAM = LDC6VVX2PY;
				ENABLE_PREVIEWS = YES;
				GENERATE_INFOPLIST_FILE = YES;
				INFOPLIST_EXPAND_BUILD_SETTINGS = YES;
				INFOPLIST_FILE = "";
				INFOPLIST_KEY_NSCameraUsageDescription = "カメラへのアクセス許可をお願いします";
				INFOPLIST_KEY_NSMicrophoneUsageDescription = "マイクへのアクセス許可をお願いします";
				INFOPLIST_KEY_UIApplicationSceneManifest_Generation = YES;
				INFOPLIST_KEY_UIApplicationSupportsIndirectInputEvents = YES;
				INFOPLIST_KEY_UILaunchScreen_Generation = YES;
				INFOPLIST_KEY_UISupportedInterfaceOrientations_iPad = "UIInterfaceOrientationPortrait UIInterfaceOrientationPortraitUpsideDown UIInterfaceOrientationLandscapeLeft UIInterfaceOrientationLandscapeRight";
				INFOPLIST_KEY_UISupportedInterfaceOrientations_iPhone = "UIInterfaceOrientationPortrait UIInterfaceOrientationLandscapeLeft UIInterfaceOrientationLandscapeRight";
				INFOPLIST_OUTPUT_FORMAT = XML;
				IPHONEOS_DEPLOYMENT_TARGET = 15.0;
				LD_RUNPATH_SEARCH_PATHS = (
					"$(inherited)",
					"@executable_path/Frameworks",
				);
				MARKETING_VERSION = 1.0;
				PRODUCT_BUNDLE_IDENTIFIER = toshihide.matsuda.FaceApp;
				PRODUCT_NAME = "$(TARGET_NAME)";
				STRINGS_FILE_INFOPLIST_RENAME = NO;
				SWIFT_EMIT_LOC_STRINGS = YES;
				SWIFT_VERSION = 5.0;
				TARGETED_DEVICE_FAMILY = "1,2";
			};
			name = Release;
		};
		D2D8700128FF935200C2D67B /* Debug */ = {
			isa = XCBuildConfiguration;
			buildSettings = {
				ALWAYS_EMBED_SWIFT_STANDARD_LIBRARIES = YES;
				BUNDLE_LOADER = "$(TEST_HOST)";
				CODE_SIGN_STYLE = Automatic;
				CURRENT_PROJECT_VERSION = 1;
				DEVELOPMENT_TEAM = LDC6VVX2PY;
				GENERATE_INFOPLIST_FILE = YES;
				IPHONEOS_DEPLOYMENT_TARGET = 16.0;
				MARKETING_VERSION = 1.0;
				PRODUCT_BUNDLE_IDENTIFIER = toshihide.matsuda.FaceAppTests;
				PRODUCT_NAME = "$(TARGET_NAME)";
				SWIFT_EMIT_LOC_STRINGS = NO;
				SWIFT_VERSION = 5.0;
				TARGETED_DEVICE_FAMILY = "1,2";
				TEST_HOST = "$(BUILT_PRODUCTS_DIR)/FaceApp.app/$(BUNDLE_EXECUTABLE_FOLDER_PATH)/FaceApp";
			};
			name = Debug;
		};
		D2D8700228FF935200C2D67B /* Release */ = {
			isa = XCBuildConfiguration;
			buildSettings = {
				ALWAYS_EMBED_SWIFT_STANDARD_LIBRARIES = YES;
				BUNDLE_LOADER = "$(TEST_HOST)";
				CODE_SIGN_STYLE = Automatic;
				CURRENT_PROJECT_VERSION = 1;
				DEVELOPMENT_TEAM = LDC6VVX2PY;
				GENERATE_INFOPLIST_FILE = YES;
				IPHONEOS_DEPLOYMENT_TARGET = 16.0;
				MARKETING_VERSION = 1.0;
				PRODUCT_BUNDLE_IDENTIFIER = toshihide.matsuda.FaceAppTests;
				PRODUCT_NAME = "$(TARGET_NAME)";
				SWIFT_EMIT_LOC_STRINGS = NO;
				SWIFT_VERSION = 5.0;
				TARGETED_DEVICE_FAMILY = "1,2";
				TEST_HOST = "$(BUILT_PRODUCTS_DIR)/FaceApp.app/$(BUNDLE_EXECUTABLE_FOLDER_PATH)/FaceApp";
			};
			name = Release;
		};
		D2D8700428FF935200C2D67B /* Debug */ = {
			isa = XCBuildConfiguration;
			buildSettings = {
				ALWAYS_EMBED_SWIFT_STANDARD_LIBRARIES = YES;
				CODE_SIGN_STYLE = Automatic;
				CURRENT_PROJECT_VERSION = 1;
				DEVELOPMENT_TEAM = LDC6VVX2PY;
				GENERATE_INFOPLIST_FILE = YES;
				MARKETING_VERSION = 1.0;
				PRODUCT_BUNDLE_IDENTIFIER = toshihide.matsuda.FaceAppUITests;
				PRODUCT_NAME = "$(TARGET_NAME)";
				SWIFT_EMIT_LOC_STRINGS = NO;
				SWIFT_VERSION = 5.0;
				TARGETED_DEVICE_FAMILY = "1,2";
				TEST_TARGET_NAME = FaceApp;
			};
			name = Debug;
		};
		D2D8700528FF935200C2D67B /* Release */ = {
			isa = XCBuildConfiguration;
			buildSettings = {
				ALWAYS_EMBED_SWIFT_STANDARD_LIBRARIES = YES;
				CODE_SIGN_STYLE = Automatic;
				CURRENT_PROJECT_VERSION = 1;
				DEVELOPMENT_TEAM = LDC6VVX2PY;
				GENERATE_INFOPLIST_FILE = YES;
				MARKETING_VERSION = 1.0;
				PRODUCT_BUNDLE_IDENTIFIER = toshihide.matsuda.FaceAppUITests;
				PRODUCT_NAME = "$(TARGET_NAME)";
				SWIFT_EMIT_LOC_STRINGS = NO;
				SWIFT_VERSION = 5.0;
				TARGETED_DEVICE_FAMILY = "1,2";
				TEST_TARGET_NAME = FaceApp;
			};
			name = Release;
		};
/* End XCBuildConfiguration section */

/* Begin XCConfigurationList section */
		D2D86FD428FF935100C2D67B /* Build configuration list for PBXProject "FaceApp" */ = {
			isa = XCConfigurationList;
			buildConfigurations = (
				D2D86FFB28FF935200C2D67B /* Debug */,
				D2D86FFC28FF935200C2D67B /* Release */,
			);
			defaultConfigurationIsVisible = 0;
			defaultConfigurationName = Release;
		};
		D2D86FFD28FF935200C2D67B /* Build configuration list for PBXNativeTarget "FaceApp" */ = {
			isa = XCConfigurationList;
			buildConfigurations = (
				D2D86FFE28FF935200C2D67B /* Debug */,
				D2D86FFF28FF935200C2D67B /* Release */,
			);
			defaultConfigurationIsVisible = 0;
			defaultConfigurationName = Release;
		};
		D2D8700028FF935200C2D67B /* Build configuration list for PBXNativeTarget "FaceAppTests" */ = {
			isa = XCConfigurationList;
			buildConfigurations = (
				D2D8700128FF935200C2D67B /* Debug */,
				D2D8700228FF935200C2D67B /* Release */,
			);
			defaultConfigurationIsVisible = 0;
			defaultConfigurationName = Release;
		};
		D2D8700328FF935200C2D67B /* Build configuration list for PBXNativeTarget "FaceAppUITests" */ = {
			isa = XCConfigurationList;
			buildConfigurations = (
				D2D8700428FF935200C2D67B /* Debug */,
				D2D8700528FF935200C2D67B /* Release */,
			);
			defaultConfigurationIsVisible = 0;
			defaultConfigurationName = Release;
		};
/* End XCConfigurationList section */
	};
	rootObject = D2D86FD128FF935100C2D67B /* Project object */;
}
